PODS:
  - AFNetworking (3.1.0):
    - AFNetworking/NSURLSession (= 3.1.0)
    - AFNetworking/Reachability (= 3.1.0)
    - AFNetworking/Security (= 3.1.0)
    - AFNetworking/Serialization (= 3.1.0)
    - AFNetworking/UIKit (= 3.1.0)
  - AFNetworking/NSURLSession (3.1.0):
    - AFNetworking/Reachability
    - AFNetworking/Security
    - AFNetworking/Serialization
  - AFNetworking/Reachability (3.1.0)
  - AFNetworking/Security (3.1.0)
  - AFNetworking/Serialization (3.1.0)
  - AFNetworking/UIKit (3.1.0):
    - AFNetworking/NSURLSession
  - AvoidCrash (2.5.2)
  - Colours (5.13.0):
    - Colours/ObjC (= 5.13.0)
  - Colours/ObjC (5.13.0)
  - IQKeyboardManager (4.0.13)
  - JSONModel (1.7.0)
  - Masonry (1.0.2)
  - MJRefresh (3.1.15.3)
  - SDWebImage (3.8.2):
    - SDWebImage/Core (= 3.8.2)
  - SDWebImage/Core (3.8.2)
  - SVProgressHUD (2.0.4)
  - TZImagePickerController (1.7.9)
  - UMengUShare/Core (6.4.8.2):
    - UMengUShare/Network
  - UMengUShare/Network (6.4.8.2)
  - UMengUShare/Social/QQ (6.4.8.2):
    - UMengUShare/Core
    - UMengUShare/Social/ReducedQQ
  - UMengUShare/Social/ReducedQQ (6.4.8.2):
    - UMengUShare/Core
  - UMengUShare/Social/ReducedWeChat (6.4.8.2):
    - UMengUShare/Core
  - UMengUShare/Social/WeChat (6.4.8.2):
    - UMengUShare/Core
    - UMengUShare/Social/ReducedWeChat
  - YYText (1.0.7)

DEPENDENCIES:
  - AFNetworking (~> 3.1.0)
  - AvoidCrash
  - Colours (~> 5.13.0)
  - IQKeyboardManager (~> 4.0.7)
  - JSONModel (~> 1.7.0)
  - Masonry (~> 1.0.2)
  - MJRefresh (~> 3.1.12)
  - SDWebImage (~> 3.8.2)
  - SVProgressHUD (~> 2.0.4)
  - TZImagePickerController (~> 1.7.1)
  - UMengUShare/Social/QQ
  - UMengUShare/Social/WeChat
  - YYText (~> 1.0.7)

SPEC CHECKSUMS:
  AFNetworking: 5e0e199f73d8626b11e79750991f5d173d1f8b67
  AvoidCrash: 28c6916fe19bd2b84126b8dec7cbe61c9a12741d
  Colours: f24220c38f13deac88612667e9b4a7fb96b871d4
  IQKeyboardManager: 8eab4d8111418414619d1df8e4779ce5d0f8d7e2
  JSONModel: 840bc0fcffb24b8454d2c026bf26fea454b8e98d
  Masonry: 7c429b56da9d4ee0bbb3ed77a5ea710d6a5df39e
  MJRefresh: b48380ae2b927b46c4ef000de9adb8dc748e1df7
  SDWebImage: 098e97e6176540799c27e804c96653ee0833d13c
  SVProgressHUD: bfde85ed6c573ea802b9cb37894ed9b629034f1b
  TZImagePickerController: 0a8ff228d287ebdd7d485e8c42a2a932894f1fba
  UMengUShare: 370d180101e13ee0227ae657ab119ba97243d2b3
  YYText: 5c461d709e24d55a182d1441c41dc639a18a4849

PODFILE CHECKSUM: b85e71be848bfacc4608efa1eed25cf72a31b943

COCOAPODS: 1.4.0
